<?xml version="1.0" encoding="utf-8"?>
<Project ToolsVersion="4.0" xmlns="http://schemas.microsoft.com/developer/msbuild/2003">
  <ItemGroup>
    <Filter Include="Source Files">
      <UniqueIdentifier>{4FC737F1-C7A5-4376-A066-2A32D752A2FF}</UniqueIdentifier>
      <Extensions>cpp;c;cc;cxx;def;odl;idl;hpj;bat;asm;asmx</Extensions>
    </Filter>
    <Filter Include="Header Files">
      <UniqueIdentifier>{93995380-89BD-4b04-88EB-625FBE52EBFB}</UniqueIdentifier>
      <Extensions>h;hh;hpp;hxx;hm;inl;inc;xsd</Extensions>
    </Filter>
    <Filter Include="Resource Files">
      <UniqueIdentifier>{67DA6AB6-F800-4c08-8B7A-83BB121AAD01}</UniqueIdentifier>
      <Extensions>rc;ico;cur;bmp;dlg;rc2;rct;bin;rgs;gif;jpg;jpeg;jpe;resx;tiff;tif;png;wav</Extensions>
    </Filter>
  </ItemGroup>
  <ItemGroup>
    <ClCompile Include="benchmark.cpp">
      <Filter>Source Files</Filter>
    </ClCompile>
    <ClCompile Include="bitbase.cpp">
      <Filter>Source Files</Filter>
    </ClCompile>
    <ClCompile Include="bitboard.cpp">
      <Filter>Source Files</Filter>
    </ClCompile>
    <ClCompile Include="endgame.cpp">
      <Filter>Source Files</Filter>
    </ClCompile>
    <ClCompile Include="evaluate.cpp">
      <Filter>Source Files</Filter>
    </ClCompile>
    <ClCompile Include="main.cpp">
      <Filter>Source Files</Filter>
    </ClCompile>
    <ClCompile Include="material.cpp">
      <Filter>Source Files</Filter>
    </ClCompile>
    <ClCompile Include="misc.cpp">
      <Filter>Source Files</Filter>
    </ClCompile>
    <ClCompile Include="movegen.cpp">
      <Filter>Source Files</Filter>
    </ClCompile>
    <ClCompile Include="movepick.cpp">
      <Filter>Source Files</Filter>
    </ClCompile>
    <ClCompile Include="pawns.cpp">
      <Filter>Source Files</Filter>
    </ClCompile>
    <ClCompile Include="position.cpp">
      <Filter>Source Files</Filter>
    </ClCompile>
    <ClCompile Include="psqt.cpp">
      <Filter>Source Files</Filter>
    </ClCompile>
    <ClCompile Include="search.cpp">
      <Filter>Source Files</Filter>
    </ClCompile>
    <ClCompile Include="thread.cpp">
      <Filter>Source Files</Filter>
    </ClCompile>
    <ClCompile Include="timeman.cpp">
      <Filter>Source Files</Filter>
    </ClCompile>
    <ClCompile Include="tt.cpp">
      <Filter>Source Files</Filter>
    </ClCompile>
    <ClCompile Include="tune.cpp">
      <Filter>Source Files</Filter>
    </ClCompile>
    <ClCompile Include="uci.cpp">
      <Filter>Source Files</Filter>
    </ClCompile>
    <ClCompile Include="ucioption.cpp">
      <Filter>Source Files</Filter>
    </ClCompile>
    <ClCompile Include="eval\evaluate_mir_inv_tools.cpp">
      <Filter>Source Files</Filter>
    </ClCompile>
    <ClCompile Include="eval\nnue\evaluate_nnue.cpp">
      <Filter>Source Files</Filter>
    </ClCompile>
    <ClCompile Include="eval\nnue\evaluate_nnue_learner.cpp">
      <Filter>Source Files</Filter>
    </ClCompile>
    <ClCompile Include="eval\nnue\nnue_test_command.cpp">
      <Filter>Source Files</Filter>
    </ClCompile>
    <ClCompile Include="eval\nnue\features\castling_right.cpp">
      <Filter>Source Files</Filter>
    </ClCompile>
    <ClCompile Include="eval\nnue\features\enpassant.cpp">
      <Filter>Source Files</Filter>
    </ClCompile>
    <ClCompile Include="eval\nnue\features\half_kp.cpp">
      <Filter>Source Files</Filter>
    </ClCompile>
    <ClCompile Include="eval\nnue\features\half_relative_kp.cpp">
      <Filter>Source Files</Filter>
    </ClCompile>
    <ClCompile Include="eval\nnue\features\k.cpp">
      <Filter>Source Files</Filter>
    </ClCompile>
    <ClCompile Include="eval\nnue\features\p.cpp">
      <Filter>Source Files</Filter>
    </ClCompile>
    <ClCompile Include="extra\sfen_packer.cpp">
      <Filter>Source Files</Filter>
    </ClCompile>
    <ClCompile Include="learn\gensfen2019.cpp">
      <Filter>Source Files</Filter>
    </ClCompile>
    <ClCompile Include="learn\learner.cpp">
      <Filter>Source Files</Filter>
    </ClCompile>
    <ClCompile Include="learn\learning_tools.cpp">
      <Filter>Source Files</Filter>
    </ClCompile>
    <ClCompile Include="learn\multi_think.cpp">
      <Filter>Source Files</Filter>
    </ClCompile>
    <ClCompile Include="syzygy\tbprobe.cpp">
      <Filter>Source Files</Filter>
    </ClCompile>
  </ItemGroup>
  <ItemGroup>
    <ClInclude Include="bitboard.h">
      <Filter>Header Files</Filter>
    </ClInclude>
    <ClInclude Include="endgame.h">
      <Filter>Header Files</Filter>
    </ClInclude>
    <ClInclude Include="evaluate.h">
      <Filter>Header Files</Filter>
    </ClInclude>
    <ClInclude Include="material.h">
      <Filter>Header Files</Filter>
    </ClInclude>
    <ClInclude Include="misc.h">
      <Filter>Header Files</Filter>
    </ClInclude>
    <ClInclude Include="movegen.h">
      <Filter>Header Files</Filter>
    </ClInclude>
    <ClInclude Include="movepick.h">
      <Filter>Header Files</Filter>
    </ClInclude>
    <ClInclude Include="pawns.h">
      <Filter>Header Files</Filter>
    </ClInclude>
    <ClInclude Include="position.h">
      <Filter>Header Files</Filter>
    </ClInclude>
    <ClInclude Include="search.h">
      <Filter>Header Files</Filter>
    </ClInclude>
    <ClInclude Include="thread.h">
      <Filter>Header Files</Filter>
    </ClInclude>
    <ClInclude Include="thread_win32_osx.h">
      <Filter>Header Files</Filter>
    </ClInclude>
    <ClInclude Include="timeman.h">
      <Filter>Header Files</Filter>
    </ClInclude>
    <ClInclude Include="tt.h">
      <Filter>Header Files</Filter>
    </ClInclude>
    <ClInclude Include="tune.h">
      <Filter>Header Files</Filter>
    </ClInclude>
    <ClInclude Include="types.h">
      <Filter>Header Files</Filter>
    </ClInclude>
    <ClInclude Include="uci.h">
      <Filter>Header Files</Filter>
    </ClInclude>
    <ClInclude Include="eval\evaluate_common.h">
      <Filter>Header Files</Filter>
    </ClInclude>
    <ClInclude Include="eval\evaluate_mir_inv_tools.h">
      <Filter>Header Files</Filter>
    </ClInclude>
    <ClInclude Include="eval\nnue\evaluate_nnue.h">
      <Filter>Header Files</Filter>
    </ClInclude>
    <ClInclude Include="eval\nnue\evaluate_nnue_learner.h">
      <Filter>Header Files</Filter>
    </ClInclude>
    <ClInclude Include="eval\nnue\nnue_accumulator.h">
      <Filter>Header Files</Filter>
    </ClInclude>
    <ClInclude Include="eval\nnue\nnue_architecture.h">
      <Filter>Header Files</Filter>
    </ClInclude>
    <ClInclude Include="eval\nnue\nnue_common.h">
      <Filter>Header Files</Filter>
    </ClInclude>
    <ClInclude Include="eval\nnue\nnue_feature_transformer.h">
      <Filter>Header Files</Filter>
    </ClInclude>
    <ClInclude Include="eval\nnue\nnue_test_command.h">
      <Filter>Header Files</Filter>
    </ClInclude>
    <ClInclude Include="eval\nnue\architectures\halfkp-cr-ep_256x2-32-32.h">
      <Filter>Header Files</Filter>
    </ClInclude>
    <ClInclude Include="eval\nnue\architectures\halfkp_256x2-32-32.h">
      <Filter>Header Files</Filter>
    </ClInclude>
    <ClInclude Include="eval\nnue\architectures\k-p-cr-ep_256x2-32-32.h">
      <Filter>Header Files</Filter>
    </ClInclude>
    <ClInclude Include="eval\nnue\architectures\k-p-cr_256x2-32-32.h">
      <Filter>Header Files</Filter>
    </ClInclude>
    <ClInclude Include="eval\nnue\architectures\k-p_256x2-32-32.h">
      <Filter>Header Files</Filter>
    </ClInclude>
    <ClInclude Include="eval\nnue\features\castling_right.h">
      <Filter>Header Files</Filter>
    </ClInclude>
    <ClInclude Include="eval\nnue\features\enpassant.h">
      <Filter>Header Files</Filter>
    </ClInclude>
    <ClInclude Include="eval\nnue\features\features_common.h">
      <Filter>Header Files</Filter>
    </ClInclude>
    <ClInclude Include="eval\nnue\features\feature_set.h">
      <Filter>Header Files</Filter>
    </ClInclude>
    <ClInclude Include="eval\nnue\features\half_kp.h">
      <Filter>Header Files</Filter>
    </ClInclude>
    <ClInclude Include="eval\nnue\features\half_relative_kp.h">
      <Filter>Header Files</Filter>
    </ClInclude>
    <ClInclude Include="eval\nnue\features\index_list.h">
      <Filter>Header Files</Filter>
    </ClInclude>
    <ClInclude Include="eval\nnue\features\k.h">
      <Filter>Header Files</Filter>
    </ClInclude>
    <ClInclude Include="eval\nnue\features\p.h">
      <Filter>Header Files</Filter>
    </ClInclude>
    <ClInclude Include="eval\nnue\layers\affine_transform.h">
      <Filter>Header Files</Filter>
    </ClInclude>
    <ClInclude Include="eval\nnue\layers\clipped_relu.h">
      <Filter>Header Files</Filter>
    </ClInclude>
    <ClInclude Include="eval\nnue\layers\input_slice.h">
      <Filter>Header Files</Filter>
    </ClInclude>
    <ClInclude Include="eval\nnue\layers\sum.h">
      <Filter>Header Files</Filter>
    </ClInclude>
    <ClInclude Include="eval\nnue\trainer\trainer.h">
      <Filter>Header Files</Filter>
    </ClInclude>
    <ClInclude Include="eval\nnue\trainer\trainer_affine_transform.h">
      <Filter>Header Files</Filter>
    </ClInclude>
    <ClInclude Include="eval\nnue\trainer\trainer_clipped_relu.h">
      <Filter>Header Files</Filter>
    </ClInclude>
    <ClInclude Include="eval\nnue\trainer\trainer_feature_transformer.h">
      <Filter>Header Files</Filter>
    </ClInclude>
    <ClInclude Include="eval\nnue\trainer\trainer_input_slice.h">
      <Filter>Header Files</Filter>
    </ClInclude>
    <ClInclude Include="eval\nnue\trainer\trainer_sum.h">
      <Filter>Header Files</Filter>
    </ClInclude>
    <ClInclude Include="eval\nnue\trainer\features\factorizer.h">
      <Filter>Header Files</Filter>
    </ClInclude>
    <ClInclude Include="eval\nnue\trainer\features\factorizer_feature_set.h">
      <Filter>Header Files</Filter>
    </ClInclude>
    <ClInclude Include="eval\nnue\trainer\features\factorizer_half_kp.h">
      <Filter>Header Files</Filter>
    </ClInclude>
    <ClInclude Include="learn\half_float.h">
      <Filter>Header Files</Filter>
    </ClInclude>
    <ClInclude Include="learn\learn.h">
      <Filter>Header Files</Filter>
    </ClInclude>
    <ClInclude Include="learn\learning_tools.h">
      <Filter>Header Files</Filter>
    </ClInclude>
    <ClInclude Include="learn\multi_think.h">
      <Filter>Header Files</Filter>
    </ClInclude>
    <ClInclude Include="syzygy\tbprobe.h">
      <Filter>Header Files</Filter>
    </ClInclude>
  </ItemGroup>
</Project>